
Microsoft Visual Studio Solution File, Format Version 12.00
# Visual Studio Version 17
VisualStudioVersion = 17.0.32112.339
MinimumVisualStudioVersion = 10.0.40219.1
Project("{9A19103F-16F7-4668-BE54-9A1E7A4F7556}") = "2.3.2", "2.3.2\2.3.2.csproj", "{2CF24DA5-2E4D-480A-AECA-E79378164D56}"
EndProject
Project("{9A19103F-16F7-4668-BE54-9A1E7A4F7556}") = "2.4.1", "2.4.1\2.4.1.csproj", "{F728D51E-D6AA-40A1-A580-69E241948EED}"
EndProject
Project("{9A19103F-16F7-4668-BE54-9A1E7A4F7556}") = "2.4.2", "2.4.2\2.4.2.csproj", "{4EDDA21C-20D4-44B6-A71A-1E66BFBCF518}"
EndProject
Project("{9A19103F-16F7-4668-BE54-9A1E7A4F7556}") = "2.4.3", "2.4.3\2.4.3.csproj", "{5D9B865E-CB36-4429-8CD7-792E5B693753}"
EndProject
Project("{9A19103F-16F7-4668-BE54-9A1E7A4F7556}") = "2.4.5", "2.4.5\2.4.5.csproj", "{58063C64-3A1B-45BE-B380-ABD1CB64F576}"
EndProject
Project("{9A19103F-16F7-4668-BE54-9A1E7A4F7556}") = "2.4.6", "2.4.6\2.4.6.csproj", "{EC934CA8-8248-41B2-B02A-BA00952D9243}"
EndProject
Project("{9A19103F-16F7-4668-BE54-9A1E7A4F7556}") = "2.4.7", "2.4.7\2.4.7.csproj", "{D54EA68C-1F1E-48B5-8B29-E316CDC7F192}"
EndProject
Project("{9A19103F-16F7-4668-BE54-9A1E7A4F7556}") = "2.4.10", "2.4.10\2.4.10.csproj", "{6D47557A-DB95-4D81-A2C9-1FBBC350C172}"
EndProject
Project("{FAE04EC0-301F-11D3-BF4B-00C04F79EFBC}") = "2.4.11", "2.4.11\2.4.11.csproj", "{1AE7F39B-5AC8-46C5-857B-6EB50C4FE724}"
EndProject
Project("{9A19103F-16F7-4668-BE54-9A1E7A4F7556}") = "2.5.1", "2.5.1\2.5.1.csproj", "{3E144E0D-71E7-4F51-AEA9-C0EEBDC71BF7}"
EndProject
Project("{9A19103F-16F7-4668-BE54-9A1E7A4F7556}") = "2.5.2", "2.5.2\2.5.2.csproj", "{40F29126-087B-4EE0-AE2A-0CC6FDBB903A}"
EndProject
Project("{9A19103F-16F7-4668-BE54-9A1E7A4F7556}") = "2.5.3", "2.5.3\2.5.3.csproj", "{D5B43876-EC8F-43A6-B26E-3D623EC81CB7}"
EndProject
Project("{9A19103F-16F7-4668-BE54-9A1E7A4F7556}") = "2.5.4", "2.5.4\2.5.4.csproj", "{E668B339-7E7A-49EB-B429-4D80957F8E1C}"
EndProject
Project("{9A19103F-16F7-4668-BE54-9A1E7A4F7556}") = "2.5.5", "2.5.5\2.5.5.csproj", "{0B93ED25-B3F6-4A45-8FDA-12430B32B97E}"
EndProject
Project("{9A19103F-16F7-4668-BE54-9A1E7A4F7556}") = "2.5.6", "2.5.6\2.5.6.csproj", "{6C7E1F34-B6A5-4009-B405-20EE4D975744}"
EndProject
Project("{9A19103F-16F7-4668-BE54-9A1E7A4F7556}") = "2.5.9", "2.5.9\2.5.9.csproj", "{9DA76D28-8B3A-49E2-A76F-02646480BDB6}"
EndProject
Project("{9A19103F-16F7-4668-BE54-9A1E7A4F7556}") = "2.5.10", "2.5.10\2.5.10.csproj", "{0EE780FD-991B-4B50-A5B0-F1EB98086491}"
EndProject
Project("{9A19103F-16F7-4668-BE54-9A1E7A4F7556}") = "2.5.11", "2.5.11\2.5.11.csproj", "{DCD572C8-58EA-4939-BC2D-81E0C111CE32}"
EndProject
Project("{FAE04EC0-301F-11D3-BF4B-00C04F79EFBC}") = "2.5.12", "2.5.12\2.5.12.csproj", "{D25EEFF6-3B41-4B80-8277-EF1E9758EB68}"
EndProject
Project("{FAE04EC0-301F-11D3-BF4B-00C04F79EFBC}") = "2.6.1", "2.6.1\2.6.1.csproj", "{74EA4B02-7C20-419F-BA6F-B85359840307}"
EndProject
Project("{FAE04EC0-301F-11D3-BF4B-00C04F79EFBC}") = "2.6.2", "2.6.2\2.6.2.csproj", "{B534B269-48A7-4ADE-AA35-9EDFC54CBF79}"
EndProject
Project("{FAE04EC0-301F-11D3-BF4B-00C04F79EFBC}") = "2.6.3", "2.6.3\2.6.3.csproj", "{3DC11698-8F54-4133-B415-0ABA7CD04796}"
EndProject
Global
	GlobalSection(SolutionConfigurationPlatforms) = preSolution
		Debug|Any CPU = Debug|Any CPU
		Release|Any CPU = Release|Any CPU
	EndGlobalSection
	GlobalSection(ProjectConfigurationPlatforms) = postSolution
		{2CF24DA5-2E4D-480A-AECA-E79378164D56}.Debug|Any CPU.ActiveCfg = Debug|Any CPU
		{2CF24DA5-2E4D-480A-AECA-E79378164D56}.Debug|Any CPU.Build.0 = Debug|Any CPU
		{2CF24DA5-2E4D-480A-AECA-E79378164D56}.Release|Any CPU.ActiveCfg = Release|Any CPU
		{2CF24DA5-2E4D-480A-AECA-E79378164D56}.Release|Any CPU.Build.0 = Release|Any CPU
		{F728D51E-D6AA-40A1-A580-69E241948EED}.Debug|Any CPU.ActiveCfg = Debug|Any CPU
		{F728D51E-D6AA-40A1-A580-69E241948EED}.Debug|Any CPU.Build.0 = Debug|Any CPU
		{F728D51E-D6AA-40A1-A580-69E241948EED}.Release|Any CPU.ActiveCfg = Release|Any CPU
		{F728D51E-D6AA-40A1-A580-69E241948EED}.Release|Any CPU.Build.0 = Release|Any CPU
		{4EDDA21C-20D4-44B6-A71A-1E66BFBCF518}.Debug|Any CPU.ActiveCfg = Debug|Any CPU
		{4EDDA21C-20D4-44B6-A71A-1E66BFBCF518}.Debug|Any CPU.Build.0 = Debug|Any CPU
		{4EDDA21C-20D4-44B6-A71A-1E66BFBCF518}.Release|Any CPU.ActiveCfg = Release|Any CPU
		{4EDDA21C-20D4-44B6-A71A-1E66BFBCF518}.Release|Any CPU.Build.0 = Release|Any CPU
		{5D9B865E-CB36-4429-8CD7-792E5B693753}.Debug|Any CPU.ActiveCfg = Debug|Any CPU
		{5D9B865E-CB36-4429-8CD7-792E5B693753}.Debug|Any CPU.Build.0 = Debug|Any CPU
		{5D9B865E-CB36-4429-8CD7-792E5B693753}.Release|Any CPU.ActiveCfg = Release|Any CPU
		{5D9B865E-CB36-4429-8CD7-792E5B693753}.Release|Any CPU.Build.0 = Release|Any CPU
		{58063C64-3A1B-45BE-B380-ABD1CB64F576}.Debug|Any CPU.ActiveCfg = Debug|Any CPU
		{58063C64-3A1B-45BE-B380-ABD1CB64F576}.Debug|Any CPU.Build.0 = Debug|Any CPU
		{58063C64-3A1B-45BE-B380-ABD1CB64F576}.Release|Any CPU.ActiveCfg = Release|Any CPU
		{58063C64-3A1B-45BE-B380-ABD1CB64F576}.Release|Any CPU.Build.0 = Release|Any CPU
		{EC934CA8-8248-41B2-B02A-BA00952D9243}.Debug|Any CPU.ActiveCfg = Debug|Any CPU
		{EC934CA8-8248-41B2-B02A-BA00952D9243}.Debug|Any CPU.Build.0 = Debug|Any CPU
		{EC934CA8-8248-41B2-B02A-BA00952D9243}.Release|Any CPU.ActiveCfg = Release|Any CPU
		{EC934CA8-8248-41B2-B02A-BA00952D9243}.Release|Any CPU.Build.0 = Release|Any CPU
		{D54EA68C-1F1E-48B5-8B29-E316CDC7F192}.Debug|Any CPU.ActiveCfg = Debug|Any CPU
		{D54EA68C-1F1E-48B5-8B29-E316CDC7F192}.Debug|Any CPU.Build.0 = Debug|Any CPU
		{D54EA68C-1F1E-48B5-8B29-E316CDC7F192}.Release|Any CPU.ActiveCfg = Release|Any CPU
		{D54EA68C-1F1E-48B5-8B29-E316CDC7F192}.Release|Any CPU.Build.0 = Release|Any CPU
		{6D47557A-DB95-4D81-A2C9-1FBBC350C172}.Debug|Any CPU.ActiveCfg = Debug|Any CPU
		{6D47557A-DB95-4D81-A2C9-1FBBC350C172}.Debug|Any CPU.Build.0 = Debug|Any CPU
		{6D47557A-DB95-4D81-A2C9-1FBBC350C172}.Release|Any CPU.ActiveCfg = Release|Any CPU
		{6D47557A-DB95-4D81-A2C9-1FBBC350C172}.Release|Any CPU.Build.0 = Release|Any CPU
		{1AE7F39B-5AC8-46C5-857B-6EB50C4FE724}.Debug|Any CPU.ActiveCfg = Debug|Any CPU
		{1AE7F39B-5AC8-46C5-857B-6EB50C4FE724}.Debug|Any CPU.Build.0 = Debug|Any CPU
		{1AE7F39B-5AC8-46C5-857B-6EB50C4FE724}.Release|Any CPU.ActiveCfg = Release|Any CPU
		{1AE7F39B-5AC8-46C5-857B-6EB50C4FE724}.Release|Any CPU.Build.0 = Release|Any CPU
		{3E144E0D-71E7-4F51-AEA9-C0EEBDC71BF7}.Debug|Any CPU.ActiveCfg = Debug|Any CPU
		{3E144E0D-71E7-4F51-AEA9-C0EEBDC71BF7}.Debug|Any CPU.Build.0 = Debug|Any CPU
		{3E144E0D-71E7-4F51-AEA9-C0EEBDC71BF7}.Release|Any CPU.ActiveCfg = Release|Any CPU
		{3E144E0D-71E7-4F51-AEA9-C0EEBDC71BF7}.Release|Any CPU.Build.0 = Release|Any CPU
		{40F29126-087B-4EE0-AE2A-0CC6FDBB903A}.Debug|Any CPU.ActiveCfg = Debug|Any CPU
		{40F29126-087B-4EE0-AE2A-0CC6FDBB903A}.Debug|Any CPU.Build.0 = Debug|Any CPU
		{40F29126-087B-4EE0-AE2A-0CC6FDBB903A}.Release|Any CPU.ActiveCfg = Release|Any CPU
		{40F29126-087B-4EE0-AE2A-0CC6FDBB903A}.Release|Any CPU.Build.0 = Release|Any CPU
		{D5B43876-EC8F-43A6-B26E-3D623EC81CB7}.Debug|Any CPU.ActiveCfg = Debug|Any CPU
		{D5B43876-EC8F-43A6-B26E-3D623EC81CB7}.Debug|Any CPU.Build.0 = Debug|Any CPU
		{D5B43876-EC8F-43A6-B26E-3D623EC81CB7}.Release|Any CPU.ActiveCfg = Release|Any CPU
		{D5B43876-EC8F-43A6-B26E-3D623EC81CB7}.Release|Any CPU.Build.0 = Release|Any CPU
		{E668B339-7E7A-49EB-B429-4D80957F8E1C}.Debug|Any CPU.ActiveCfg = Debug|Any CPU
		{E668B339-7E7A-49EB-B429-4D80957F8E1C}.Debug|Any CPU.Build.0 = Debug|Any CPU
		{E668B339-7E7A-49EB-B429-4D80957F8E1C}.Release|Any CPU.ActiveCfg = Release|Any CPU
		{E668B339-7E7A-49EB-B429-4D80957F8E1C}.Release|Any CPU.Build.0 = Release|Any CPU
		{0B93ED25-B3F6-4A45-8FDA-12430B32B97E}.Debug|Any CPU.ActiveCfg = Debug|Any CPU
		{0B93ED25-B3F6-4A45-8FDA-12430B32B97E}.Debug|Any CPU.Build.0 = Debug|Any CPU
		{0B93ED25-B3F6-4A45-8FDA-12430B32B97E}.Release|Any CPU.ActiveCfg = Release|Any CPU
		{0B93ED25-B3F6-4A45-8FDA-12430B32B97E}.Release|Any CPU.Build.0 = Release|Any CPU
		{6C7E1F34-B6A5-4009-B405-20EE4D975744}.Debug|Any CPU.ActiveCfg = Debug|Any CPU
		{6C7E1F34-B6A5-4009-B405-20EE4D975744}.Debug|Any CPU.Build.0 = Debug|Any CPU
		{6C7E1F34-B6A5-4009-B405-20EE4D975744}.Release|Any CPU.ActiveCfg = Release|Any CPU
		{6C7E1F34-B6A5-4009-B405-20EE4D975744}.Release|Any CPU.Build.0 = Release|Any CPU
		{9DA76D28-8B3A-49E2-A76F-02646480BDB6}.Debug|Any CPU.ActiveCfg = Debug|Any CPU
		{9DA76D28-8B3A-49E2-A76F-02646480BDB6}.Debug|Any CPU.Build.0 = Debug|Any CPU
		{9DA76D28-8B3A-49E2-A76F-02646480BDB6}.Release|Any CPU.ActiveCfg = Release|Any CPU
		{9DA76D28-8B3A-49E2-A76F-02646480BDB6}.Release|Any CPU.Build.0 = Release|Any CPU
		{0EE780FD-991B-4B50-A5B0-F1EB98086491}.Debug|Any CPU.ActiveCfg = Debug|Any CPU
		{0EE780FD-991B-4B50-A5B0-F1EB98086491}.Debug|Any CPU.Build.0 = Debug|Any CPU
		{0EE780FD-991B-4B50-A5B0-F1EB98086491}.Release|Any CPU.ActiveCfg = Release|Any CPU
		{0EE780FD-991B-4B50-A5B0-F1EB98086491}.Release|Any CPU.Build.0 = Release|Any CPU
		{DCD572C8-58EA-4939-BC2D-81E0C111CE32}.Debug|Any CPU.ActiveCfg = Debug|Any CPU
		{DCD572C8-58EA-4939-BC2D-81E0C111CE32}.Debug|Any CPU.Build.0 = Debug|Any CPU
		{DCD572C8-58EA-4939-BC2D-81E0C111CE32}.Release|Any CPU.ActiveCfg = Release|Any CPU
		{DCD572C8-58EA-4939-BC2D-81E0C111CE32}.Release|Any CPU.Build.0 = Release|Any CPU
		{D25EEFF6-3B41-4B80-8277-EF1E9758EB68}.Debug|Any CPU.ActiveCfg = Debug|Any CPU
		{D25EEFF6-3B41-4B80-8277-EF1E9758EB68}.Debug|Any CPU.Build.0 = Debug|Any CPU
		{D25EEFF6-3B41-4B80-8277-EF1E9758EB68}.Release|Any CPU.ActiveCfg = Release|Any CPU
		{D25EEFF6-3B41-4B80-8277-EF1E9758EB68}.Release|Any CPU.Build.0 = Release|Any CPU
		{74EA4B02-7C20-419F-BA6F-B85359840307}.Debug|Any CPU.ActiveCfg = Debug|Any CPU
		{74EA4B02-7C20-419F-BA6F-B85359840307}.Debug|Any CPU.Build.0 = Debug|Any CPU
		{74EA4B02-7C20-419F-BA6F-B85359840307}.Release|Any CPU.ActiveCfg = Release|Any CPU
		{74EA4B02-7C20-419F-BA6F-B85359840307}.Release|Any CPU.Build.0 = Release|Any CPU
		{B534B269-48A7-4ADE-AA35-9EDFC54CBF79}.Debug|Any CPU.ActiveCfg = Debug|Any CPU
		{B534B269-48A7-4ADE-AA35-9EDFC54CBF79}.Debug|Any CPU.Build.0 = Debug|Any CPU
		{B534B269-48A7-4ADE-AA35-9EDFC54CBF79}.Release|Any CPU.ActiveCfg = Release|Any CPU
		{B534B269-48A7-4ADE-AA35-9EDFC54CBF79}.Release|Any CPU.Build.0 = Release|Any CPU
		{3DC11698-8F54-4133-B415-0ABA7CD04796}.Debug|Any CPU.ActiveCfg = Debug|Any CPU
		{3DC11698-8F54-4133-B415-0ABA7CD04796}.Debug|Any CPU.Build.0 = Debug|Any CPU
		{3DC11698-8F54-4133-B415-0ABA7CD04796}.Release|Any CPU.ActiveCfg = Release|Any CPU
		{3DC11698-8F54-4133-B415-0ABA7CD04796}.Release|Any CPU.Build.0 = Release|Any CPU
	EndGlobalSection
	GlobalSection(SolutionProperties) = preSolution
		HideSolutionNode = FALSE
	EndGlobalSection
	GlobalSection(ExtensibilityGlobals) = postSolution
		SolutionGuid = {A06FD674-5B79-43FD-B46D-1D121B36943E}
	EndGlobalSection
EndGlobal
