
Microsoft Visual Studio Solution File, Format Version 12.00
# Visual Studio Version 17
VisualStudioVersion = 17.0.32112.339
MinimumVisualStudioVersion = 10.0.40219.1
Project("{9A19103F-16F7-4668-BE54-9A1E7A4F7556}") = "2.3.2", "2.3.2\2.3.2.csproj", "{2CF24DA5-2E4D-480A-AECA-E79378164D56}"
EndProject
Project("{9A19103F-16F7-4668-BE54-9A1E7A4F7556}") = "2.4.1", "2.4.1\2.4.1.csproj", "{F728D51E-D6AA-40A1-A580-69E241948EED}"
EndProject
Project("{9A19103F-16F7-4668-BE54-9A1E7A4F7556}") = "2.4.2", "2.4.2\2.4.2.csproj", "{4EDDA21C-20D4-44B6-A71A-1E66BFBCF518}"
EndProject
Project("{9A19103F-16F7-4668-BE54-9A1E7A4F7556}") = "2.4.3", "2.4.3\2.4.3.csproj", "{5D9B865E-CB36-4429-8CD7-792E5B693753}"
EndProject
Project("{9A19103F-16F7-4668-BE54-9A1E7A4F7556}") = "2.4.5", "2.4.5\2.4.5.csproj", "{58063C64-3A1B-45BE-B380-ABD1CB64F576}"
EndProject
Project("{9A19103F-16F7-4668-BE54-9A1E7A4F7556}") = "2.4.6", "2.4.6\2.4.6.csproj", "{EC934CA8-8248-41B2-B02A-BA00952D9243}"
EndProject
Project("{9A19103F-16F7-4668-BE54-9A1E7A4F7556}") = "2.4.7", "2.4.7\2.4.7.csproj", "{D54EA68C-1F1E-48B5-8B29-E316CDC7F192}"
EndProject
Project("{9A19103F-16F7-4668-BE54-9A1E7A4F7556}") = "2.4.10", "2.4.10\2.4.10.csproj", "{6D47557A-DB95-4D81-A2C9-1FBBC350C172}"
EndProject
Project("{FAE04EC0-301F-11D3-BF4B-00C04F79EFBC}") = "2.4.11", "2.4.11\2.4.11.csproj", "{1AE7F39B-5AC8-46C5-857B-6EB50C4FE724}"
EndProject
Project("{FAE04EC0-301F-11D3-BF4B-00C04F79EFBC}") = "2.5.1", "2.5.1\2.5.1.csproj", "{3E144E0D-71E7-4F51-AEA9-C0EEBDC71BF7}"
EndProject
Project("{FAE04EC0-301F-11D3-BF4B-00C04F79EFBC}") = "2.5.2", "2.5.2\2.5.2.csproj", "{40F29126-087B-4EE0-AE2A-0CC6FDBB903A}"
EndProject
Global
	GlobalSection(SolutionConfigurationPlatforms) = preSolution
		Debug|Any CPU = Debug|Any CPU
		Release|Any CPU = Release|Any CPU
	EndGlobalSection
	GlobalSection(ProjectConfigurationPlatforms) = postSolution
		{2CF24DA5-2E4D-480A-AECA-E79378164D56}.Debug|Any CPU.ActiveCfg = Debug|Any CPU
		{2CF24DA5-2E4D-480A-AECA-E79378164D56}.Debug|Any CPU.Build.0 = Debug|Any CPU
		{2CF24DA5-2E4D-480A-AECA-E79378164D56}.Release|Any CPU.ActiveCfg = Release|Any CPU
		{2CF24DA5-2E4D-480A-AECA-E79378164D56}.Release|Any CPU.Build.0 = Release|Any CPU
		{F728D51E-D6AA-40A1-A580-69E241948EED}.Debug|Any CPU.ActiveCfg = Debug|Any CPU
		{F728D51E-D6AA-40A1-A580-69E241948EED}.Debug|Any CPU.Build.0 = Debug|Any CPU
		{F728D51E-D6AA-40A1-A580-69E241948EED}.Release|Any CPU.ActiveCfg = Release|Any CPU
		{F728D51E-D6AA-40A1-A580-69E241948EED}.Release|Any CPU.Build.0 = Release|Any CPU
		{4EDDA21C-20D4-44B6-A71A-1E66BFBCF518}.Debug|Any CPU.ActiveCfg = Debug|Any CPU
		{4EDDA21C-20D4-44B6-A71A-1E66BFBCF518}.Debug|Any CPU.Build.0 = Debug|Any CPU
		{4EDDA21C-20D4-44B6-A71A-1E66BFBCF518}.Release|Any CPU.ActiveCfg = Release|Any CPU
		{4EDDA21C-20D4-44B6-A71A-1E66BFBCF518}.Release|Any CPU.Build.0 = Release|Any CPU
		{5D9B865E-CB36-4429-8CD7-792E5B693753}.Debug|Any CPU.ActiveCfg = Debug|Any CPU
		{5D9B865E-CB36-4429-8CD7-792E5B693753}.Debug|Any CPU.Build.0 = Debug|Any CPU
		{5D9B865E-CB36-4429-8CD7-792E5B693753}.Release|Any CPU.ActiveCfg = Release|Any CPU
		{5D9B865E-CB36-4429-8CD7-792E5B693753}.Release|Any CPU.Build.0 = Release|Any CPU
		{58063C64-3A1B-45BE-B380-ABD1CB64F576}.Debug|Any CPU.ActiveCfg = Debug|Any CPU
		{58063C64-3A1B-45BE-B380-ABD1CB64F576}.Debug|Any CPU.Build.0 = Debug|Any CPU
		{58063C64-3A1B-45BE-B380-ABD1CB64F576}.Release|Any CPU.ActiveCfg = Release|Any CPU
		{58063C64-3A1B-45BE-B380-ABD1CB64F576}.Release|Any CPU.Build.0 = Release|Any CPU
		{EC934CA8-8248-41B2-B02A-BA00952D9243}.Debug|Any CPU.ActiveCfg = Debug|Any CPU
		{EC934CA8-8248-41B2-B02A-BA00952D9243}.Debug|Any CPU.Build.0 = Debug|Any CPU
		{EC934CA8-8248-41B2-B02A-BA00952D9243}.Release|Any CPU.ActiveCfg = Release|Any CPU
		{EC934CA8-8248-41B2-B02A-BA00952D9243}.Release|Any CPU.Build.0 = Release|Any CPU
		{D54EA68C-1F1E-48B5-8B29-E316CDC7F192}.Debug|Any CPU.ActiveCfg = Debug|Any CPU
		{D54EA68C-1F1E-48B5-8B29-E316CDC7F192}.Debug|Any CPU.Build.0 = Debug|Any CPU
		{D54EA68C-1F1E-48B5-8B29-E316CDC7F192}.Release|Any CPU.ActiveCfg = Release|Any CPU
		{D54EA68C-1F1E-48B5-8B29-E316CDC7F192}.Release|Any CPU.Build.0 = Release|Any CPU
		{6D47557A-DB95-4D81-A2C9-1FBBC350C172}.Debug|Any CPU.ActiveCfg = Debug|Any CPU
		{6D47557A-DB95-4D81-A2C9-1FBBC350C172}.Debug|Any CPU.Build.0 = Debug|Any CPU
		{6D47557A-DB95-4D81-A2C9-1FBBC350C172}.Release|Any CPU.ActiveCfg = Release|Any CPU
		{6D47557A-DB95-4D81-A2C9-1FBBC350C172}.Release|Any CPU.Build.0 = Release|Any CPU
		{1AE7F39B-5AC8-46C5-857B-6EB50C4FE724}.Debug|Any CPU.ActiveCfg = Debug|Any CPU
		{1AE7F39B-5AC8-46C5-857B-6EB50C4FE724}.Debug|Any CPU.Build.0 = Debug|Any CPU
		{1AE7F39B-5AC8-46C5-857B-6EB50C4FE724}.Release|Any CPU.ActiveCfg = Release|Any CPU
		{1AE7F39B-5AC8-46C5-857B-6EB50C4FE724}.Release|Any CPU.Build.0 = Release|Any CPU
		{3E144E0D-71E7-4F51-AEA9-C0EEBDC71BF7}.Debug|Any CPU.ActiveCfg = Debug|Any CPU
		{3E144E0D-71E7-4F51-AEA9-C0EEBDC71BF7}.Debug|Any CPU.Build.0 = Debug|Any CPU
		{3E144E0D-71E7-4F51-AEA9-C0EEBDC71BF7}.Release|Any CPU.ActiveCfg = Release|Any CPU
		{3E144E0D-71E7-4F51-AEA9-C0EEBDC71BF7}.Release|Any CPU.Build.0 = Release|Any CPU
		{40F29126-087B-4EE0-AE2A-0CC6FDBB903A}.Debug|Any CPU.ActiveCfg = Debug|Any CPU
		{40F29126-087B-4EE0-AE2A-0CC6FDBB903A}.Debug|Any CPU.Build.0 = Debug|Any CPU
		{40F29126-087B-4EE0-AE2A-0CC6FDBB903A}.Release|Any CPU.ActiveCfg = Release|Any CPU
		{40F29126-087B-4EE0-AE2A-0CC6FDBB903A}.Release|Any CPU.Build.0 = Release|Any CPU
	EndGlobalSection
	GlobalSection(SolutionProperties) = preSolution
		HideSolutionNode = FALSE
	EndGlobalSection
	GlobalSection(ExtensibilityGlobals) = postSolution
		SolutionGuid = {A06FD674-5B79-43FD-B46D-1D121B36943E}
	EndGlobalSection
EndGlobal
