
Microsoft Visual Studio Solution File, Format Version 12.00
# Visual Studio Version 17
VisualStudioVersion = 17.0.32112.339
MinimumVisualStudioVersion = 10.0.40219.1
Project("{9A19103F-16F7-4668-BE54-9A1E7A4F7556}") = "1.2.13", "1.2.13\1.2.13.csproj", "{F8BC1A2D-BDCA-4492-B347-218462A806EC}"
EndProject
Project("{9A19103F-16F7-4668-BE54-9A1E7A4F7556}") = "1.2.14", "1.2.14\1.2.14.csproj", "{5FEDE95B-E343-448A-8DA8-D69E457311AF}"
EndProject
Project("{9A19103F-16F7-4668-BE54-9A1E7A4F7556}") = "1.2.15", "1.2.15\1.2.15.csproj", "{0637813D-FD83-402F-A77C-210ED86D0B3E}"
EndProject
Project("{9A19103F-16F7-4668-BE54-9A1E7A4F7556}") = "1.2.20", "1.2.20\1.2.20.csproj", "{BB9D0DC8-2F50-47E0-ADE2-D7561F01D98C}"
EndProject
Project("{9A19103F-16F7-4668-BE54-9A1E7A4F7556}") = "1.2.21", "1.2.21\1.2.21.csproj", "{47B6E032-D273-40B7-8C69-B03E25F24AC9}"
EndProject
Project("{9A19103F-16F7-4668-BE54-9A1E7A4F7556}") = "1.2.22", "1.2.22\1.2.22.csproj", "{A244BDB8-E556-466C-8A69-37EDAC9460D0}"
EndProject
Project("{9A19103F-16F7-4668-BE54-9A1E7A4F7556}") = "1.2.23", "1.2.23\1.2.23.csproj", "{CB70284C-C0BC-48BB-85FF-3F5579BB3E6D}"
EndProject
Project("{9A19103F-16F7-4668-BE54-9A1E7A4F7556}") = "1.2.24", "1.2.24\1.2.24.csproj", "{0688BE02-9F96-47EA-B936-84D8AE56E532}"
EndProject
Project("{9A19103F-16F7-4668-BE54-9A1E7A4F7556}") = "1.2.25", "1.2.25\1.2.25.csproj", "{8C12238C-6066-4E4E-B9FE-9AE0229E18C7}"
EndProject
Project("{9A19103F-16F7-4668-BE54-9A1E7A4F7556}") = "1.2.26", "1.2.26\1.2.26.csproj", "{A17410A6-181E-4605-9261-B727C902C760}"
EndProject
Project("{9A19103F-16F7-4668-BE54-9A1E7A4F7556}") = "1.2.27", "1.2.27\1.2.27.csproj", "{8E7DCDBB-3019-4EF8-9034-F49AC29D83D2}"
EndProject
Project("{9A19103F-16F7-4668-BE54-9A1E7A4F7556}") = "1.2.30", "1.2.30\1.2.30.csproj", "{33FF34AA-E353-4331-8C45-BCCA027C3FBA}"
EndProject
Project("{9A19103F-16F7-4668-BE54-9A1E7A4F7556}") = "1.2.31", "1.2.31\1.2.31.csproj", "{731FCE35-B515-4FF9-8AFF-9AAC8E23AB26}"
EndProject
Project("{9A19103F-16F7-4668-BE54-9A1E7A4F7556}") = "1.2.32", "1.2.32\1.2.32.csproj", "{B1CC93CA-1046-439F-80FE-7FE29767CF11}"
EndProject
Project("{9A19103F-16F7-4668-BE54-9A1E7A4F7556}") = "1.2.33", "1.2.33\1.2.33.csproj", "{86622BDC-3B97-4001-B6E2-128839563EE7}"
EndProject
Project("{9A19103F-16F7-4668-BE54-9A1E7A4F7556}") = "1.2.34", "1.2.34\1.2.34.csproj", "{D6DD93AB-5B2C-496E-BB01-7BD6A8941EB6}"
EndProject
Project("{FAE04EC0-301F-11D3-BF4B-00C04F79EFBC}") = "1.2.35", "1.2.35\1.2.35.csproj", "{749F3877-5C6D-4F9F-94FE-C46D19C6F508}"
EndProject
Project("{FAE04EC0-301F-11D3-BF4B-00C04F79EFBC}") = "1.2.36", "1.2.37\1.2.36.csproj", "{B1CC26DD-A205-40F5-AC11-C1E8670C4FD2}"
EndProject
Project("{FAE04EC0-301F-11D3-BF4B-00C04F79EFBC}") = "1.2.39", "1.2.39\1.2.39.csproj", "{EA1141BD-0A7C-4D14-A0EB-3FE0F329B42C}"
EndProject
Project("{FAE04EC0-301F-11D3-BF4B-00C04F79EFBC}") = "1.2.40", "1.2.40\1.2.40.csproj", "{3980847C-2437-4744-A36B-048C7ADB3D96}"
EndProject
Global
	GlobalSection(SolutionConfigurationPlatforms) = preSolution
		Debug|Any CPU = Debug|Any CPU
		Release|Any CPU = Release|Any CPU
	EndGlobalSection
	GlobalSection(ProjectConfigurationPlatforms) = postSolution
		{F8BC1A2D-BDCA-4492-B347-218462A806EC}.Debug|Any CPU.ActiveCfg = Debug|Any CPU
		{F8BC1A2D-BDCA-4492-B347-218462A806EC}.Debug|Any CPU.Build.0 = Debug|Any CPU
		{F8BC1A2D-BDCA-4492-B347-218462A806EC}.Release|Any CPU.ActiveCfg = Release|Any CPU
		{F8BC1A2D-BDCA-4492-B347-218462A806EC}.Release|Any CPU.Build.0 = Release|Any CPU
		{5FEDE95B-E343-448A-8DA8-D69E457311AF}.Debug|Any CPU.ActiveCfg = Debug|Any CPU
		{5FEDE95B-E343-448A-8DA8-D69E457311AF}.Debug|Any CPU.Build.0 = Debug|Any CPU
		{5FEDE95B-E343-448A-8DA8-D69E457311AF}.Release|Any CPU.ActiveCfg = Release|Any CPU
		{5FEDE95B-E343-448A-8DA8-D69E457311AF}.Release|Any CPU.Build.0 = Release|Any CPU
		{0637813D-FD83-402F-A77C-210ED86D0B3E}.Debug|Any CPU.ActiveCfg = Debug|Any CPU
		{0637813D-FD83-402F-A77C-210ED86D0B3E}.Debug|Any CPU.Build.0 = Debug|Any CPU
		{0637813D-FD83-402F-A77C-210ED86D0B3E}.Release|Any CPU.ActiveCfg = Release|Any CPU
		{0637813D-FD83-402F-A77C-210ED86D0B3E}.Release|Any CPU.Build.0 = Release|Any CPU
		{BB9D0DC8-2F50-47E0-ADE2-D7561F01D98C}.Debug|Any CPU.ActiveCfg = Debug|Any CPU
		{BB9D0DC8-2F50-47E0-ADE2-D7561F01D98C}.Debug|Any CPU.Build.0 = Debug|Any CPU
		{BB9D0DC8-2F50-47E0-ADE2-D7561F01D98C}.Release|Any CPU.ActiveCfg = Release|Any CPU
		{BB9D0DC8-2F50-47E0-ADE2-D7561F01D98C}.Release|Any CPU.Build.0 = Release|Any CPU
		{47B6E032-D273-40B7-8C69-B03E25F24AC9}.Debug|Any CPU.ActiveCfg = Debug|Any CPU
		{47B6E032-D273-40B7-8C69-B03E25F24AC9}.Debug|Any CPU.Build.0 = Debug|Any CPU
		{47B6E032-D273-40B7-8C69-B03E25F24AC9}.Release|Any CPU.ActiveCfg = Release|Any CPU
		{47B6E032-D273-40B7-8C69-B03E25F24AC9}.Release|Any CPU.Build.0 = Release|Any CPU
		{A244BDB8-E556-466C-8A69-37EDAC9460D0}.Debug|Any CPU.ActiveCfg = Debug|Any CPU
		{A244BDB8-E556-466C-8A69-37EDAC9460D0}.Debug|Any CPU.Build.0 = Debug|Any CPU
		{A244BDB8-E556-466C-8A69-37EDAC9460D0}.Release|Any CPU.ActiveCfg = Release|Any CPU
		{A244BDB8-E556-466C-8A69-37EDAC9460D0}.Release|Any CPU.Build.0 = Release|Any CPU
		{CB70284C-C0BC-48BB-85FF-3F5579BB3E6D}.Debug|Any CPU.ActiveCfg = Debug|Any CPU
		{CB70284C-C0BC-48BB-85FF-3F5579BB3E6D}.Debug|Any CPU.Build.0 = Debug|Any CPU
		{CB70284C-C0BC-48BB-85FF-3F5579BB3E6D}.Release|Any CPU.ActiveCfg = Release|Any CPU
		{CB70284C-C0BC-48BB-85FF-3F5579BB3E6D}.Release|Any CPU.Build.0 = Release|Any CPU
		{0688BE02-9F96-47EA-B936-84D8AE56E532}.Debug|Any CPU.ActiveCfg = Debug|Any CPU
		{0688BE02-9F96-47EA-B936-84D8AE56E532}.Debug|Any CPU.Build.0 = Debug|Any CPU
		{0688BE02-9F96-47EA-B936-84D8AE56E532}.Release|Any CPU.ActiveCfg = Release|Any CPU
		{0688BE02-9F96-47EA-B936-84D8AE56E532}.Release|Any CPU.Build.0 = Release|Any CPU
		{8C12238C-6066-4E4E-B9FE-9AE0229E18C7}.Debug|Any CPU.ActiveCfg = Debug|Any CPU
		{8C12238C-6066-4E4E-B9FE-9AE0229E18C7}.Debug|Any CPU.Build.0 = Debug|Any CPU
		{8C12238C-6066-4E4E-B9FE-9AE0229E18C7}.Release|Any CPU.ActiveCfg = Release|Any CPU
		{8C12238C-6066-4E4E-B9FE-9AE0229E18C7}.Release|Any CPU.Build.0 = Release|Any CPU
		{A17410A6-181E-4605-9261-B727C902C760}.Debug|Any CPU.ActiveCfg = Debug|Any CPU
		{A17410A6-181E-4605-9261-B727C902C760}.Debug|Any CPU.Build.0 = Debug|Any CPU
		{A17410A6-181E-4605-9261-B727C902C760}.Release|Any CPU.ActiveCfg = Release|Any CPU
		{A17410A6-181E-4605-9261-B727C902C760}.Release|Any CPU.Build.0 = Release|Any CPU
		{8E7DCDBB-3019-4EF8-9034-F49AC29D83D2}.Debug|Any CPU.ActiveCfg = Debug|Any CPU
		{8E7DCDBB-3019-4EF8-9034-F49AC29D83D2}.Debug|Any CPU.Build.0 = Debug|Any CPU
		{8E7DCDBB-3019-4EF8-9034-F49AC29D83D2}.Release|Any CPU.ActiveCfg = Release|Any CPU
		{8E7DCDBB-3019-4EF8-9034-F49AC29D83D2}.Release|Any CPU.Build.0 = Release|Any CPU
		{33FF34AA-E353-4331-8C45-BCCA027C3FBA}.Debug|Any CPU.ActiveCfg = Debug|Any CPU
		{33FF34AA-E353-4331-8C45-BCCA027C3FBA}.Debug|Any CPU.Build.0 = Debug|Any CPU
		{33FF34AA-E353-4331-8C45-BCCA027C3FBA}.Release|Any CPU.ActiveCfg = Release|Any CPU
		{33FF34AA-E353-4331-8C45-BCCA027C3FBA}.Release|Any CPU.Build.0 = Release|Any CPU
		{731FCE35-B515-4FF9-8AFF-9AAC8E23AB26}.Debug|Any CPU.ActiveCfg = Debug|Any CPU
		{731FCE35-B515-4FF9-8AFF-9AAC8E23AB26}.Debug|Any CPU.Build.0 = Debug|Any CPU
		{731FCE35-B515-4FF9-8AFF-9AAC8E23AB26}.Release|Any CPU.ActiveCfg = Release|Any CPU
		{731FCE35-B515-4FF9-8AFF-9AAC8E23AB26}.Release|Any CPU.Build.0 = Release|Any CPU
		{B1CC93CA-1046-439F-80FE-7FE29767CF11}.Debug|Any CPU.ActiveCfg = Debug|Any CPU
		{B1CC93CA-1046-439F-80FE-7FE29767CF11}.Debug|Any CPU.Build.0 = Debug|Any CPU
		{B1CC93CA-1046-439F-80FE-7FE29767CF11}.Release|Any CPU.ActiveCfg = Release|Any CPU
		{B1CC93CA-1046-439F-80FE-7FE29767CF11}.Release|Any CPU.Build.0 = Release|Any CPU
		{86622BDC-3B97-4001-B6E2-128839563EE7}.Debug|Any CPU.ActiveCfg = Debug|Any CPU
		{86622BDC-3B97-4001-B6E2-128839563EE7}.Debug|Any CPU.Build.0 = Debug|Any CPU
		{86622BDC-3B97-4001-B6E2-128839563EE7}.Release|Any CPU.ActiveCfg = Release|Any CPU
		{86622BDC-3B97-4001-B6E2-128839563EE7}.Release|Any CPU.Build.0 = Release|Any CPU
		{D6DD93AB-5B2C-496E-BB01-7BD6A8941EB6}.Debug|Any CPU.ActiveCfg = Debug|Any CPU
		{D6DD93AB-5B2C-496E-BB01-7BD6A8941EB6}.Debug|Any CPU.Build.0 = Debug|Any CPU
		{D6DD93AB-5B2C-496E-BB01-7BD6A8941EB6}.Release|Any CPU.ActiveCfg = Release|Any CPU
		{D6DD93AB-5B2C-496E-BB01-7BD6A8941EB6}.Release|Any CPU.Build.0 = Release|Any CPU
		{749F3877-5C6D-4F9F-94FE-C46D19C6F508}.Debug|Any CPU.ActiveCfg = Debug|Any CPU
		{749F3877-5C6D-4F9F-94FE-C46D19C6F508}.Debug|Any CPU.Build.0 = Debug|Any CPU
		{749F3877-5C6D-4F9F-94FE-C46D19C6F508}.Release|Any CPU.ActiveCfg = Release|Any CPU
		{749F3877-5C6D-4F9F-94FE-C46D19C6F508}.Release|Any CPU.Build.0 = Release|Any CPU
		{B1CC26DD-A205-40F5-AC11-C1E8670C4FD2}.Debug|Any CPU.ActiveCfg = Debug|Any CPU
		{B1CC26DD-A205-40F5-AC11-C1E8670C4FD2}.Debug|Any CPU.Build.0 = Debug|Any CPU
		{B1CC26DD-A205-40F5-AC11-C1E8670C4FD2}.Release|Any CPU.ActiveCfg = Release|Any CPU
		{B1CC26DD-A205-40F5-AC11-C1E8670C4FD2}.Release|Any CPU.Build.0 = Release|Any CPU
		{EA1141BD-0A7C-4D14-A0EB-3FE0F329B42C}.Debug|Any CPU.ActiveCfg = Debug|Any CPU
		{EA1141BD-0A7C-4D14-A0EB-3FE0F329B42C}.Debug|Any CPU.Build.0 = Debug|Any CPU
		{EA1141BD-0A7C-4D14-A0EB-3FE0F329B42C}.Release|Any CPU.ActiveCfg = Release|Any CPU
		{EA1141BD-0A7C-4D14-A0EB-3FE0F329B42C}.Release|Any CPU.Build.0 = Release|Any CPU
		{3980847C-2437-4744-A36B-048C7ADB3D96}.Debug|Any CPU.ActiveCfg = Debug|Any CPU
		{3980847C-2437-4744-A36B-048C7ADB3D96}.Debug|Any CPU.Build.0 = Debug|Any CPU
		{3980847C-2437-4744-A36B-048C7ADB3D96}.Release|Any CPU.ActiveCfg = Release|Any CPU
		{3980847C-2437-4744-A36B-048C7ADB3D96}.Release|Any CPU.Build.0 = Release|Any CPU
	EndGlobalSection
	GlobalSection(SolutionProperties) = preSolution
		HideSolutionNode = FALSE
	EndGlobalSection
	GlobalSection(ExtensibilityGlobals) = postSolution
		SolutionGuid = {525AD4A0-B970-4A22-ACAB-335F57679D23}
	EndGlobalSection
EndGlobal
